{
    "_meta": {
        "hash": {
            "sha256": "f135909808539b9147cf52da68c94c5733085ebbc214a67017eadf8e8d3b4bf9"
        },
        "pipfile-spec": 6,
        "requires": {
            "python_version": "3.12"
        },
        "sources": [
            {
                "name": "pypi",
                "url": "https://pypi.org/simple",
                "verify_ssl": true
            }
        ]
    },
    "default": {
        "certifi": {
            "hashes": [
                "sha256:5a1e7645bc0ec61a09e26c36f6106dd4cf40c6db3a1fb6352b0244e7fb057c7b",
                "sha256:c198e21b1289c2ab85ee4e67bb4b4ef3ead0892059901a8d5b622f24a1101e90"
            ],
            "markers": "python_version >= '3.6'",
            "version": "==2024.7.4"
        },
        "charset-normalizer": {
            "hashes": [
                "sha256:06435b539f889b1f6f4ac1758871aae42dc3a8c0e24ac9e60c2384973ad73027",
                "sha256:06a81e93cd441c56a9b65d8e1d043daeb97a3d0856d177d5c90ba85acb3db087",
                "sha256:0a55554a2fa0d408816b3b5cedf0045f4b8e1a6065aec45849de2d6f3f8e9786",
                "sha256:0b2b64d2bb6d3fb9112bafa732def486049e63de9618b5843bcdd081d8144cd8",
                "sha256:10955842570876604d404661fbccbc9c7e684caf432c09c715ec38fbae45ae09",
                "sha256:122c7fa62b130ed55f8f285bfd56d5f4b4a5b503609d181f9ad85e55c89f4185",
                "sha256:1ceae2f17a9c33cb48e3263960dc5fc8005351ee19db217e9b1bb15d28c02574",
                "sha256:1d3193f4a680c64b4b6a9115943538edb896edc190f0b222e73761716519268e",
                "sha256:1f79682fbe303db92bc2b1136016a38a42e835d932bab5b3b1bfcfbf0640e519",
                "sha256:2127566c664442652f024c837091890cb1942c30937add288223dc895793f898",
                "sha256:22afcb9f253dac0696b5a4be4a1c0f8762f8239e21b99680099abd9b2b1b2269",
                "sha256:25baf083bf6f6b341f4121c2f3c548875ee6f5339300e08be3f2b2ba1721cdd3",
                "sha256:2e81c7b9c8979ce92ed306c249d46894776a909505d8f5a4ba55b14206e3222f",
                "sha256:3287761bc4ee9e33561a7e058c72ac0938c4f57fe49a09eae428fd88aafe7bb6",
                "sha256:34d1c8da1e78d2e001f363791c98a272bb734000fcef47a491c1e3b0505657a8",
                "sha256:37e55c8e51c236f95b033f6fb391d7d7970ba5fe7ff453dad675e88cf303377a",
                "sha256:3d47fa203a7bd9c5b6cee4736ee84ca03b8ef23193c0d1ca99b5089f72645c73",
                "sha256:3e4d1f6587322d2788836a99c69062fbb091331ec940e02d12d179c1d53e25fc",
                "sha256:42cb296636fcc8b0644486d15c12376cb9fa75443e00fb25de0b8602e64c1714",
                "sha256:45485e01ff4d3630ec0d9617310448a8702f70e9c01906b0d0118bdf9d124cf2",
                "sha256:4a78b2b446bd7c934f5dcedc588903fb2f5eec172f3d29e52a9096a43722adfc",
                "sha256:4ab2fe47fae9e0f9dee8c04187ce5d09f48eabe611be8259444906793ab7cbce",
                "sha256:4d0d1650369165a14e14e1e47b372cfcb31d6ab44e6e33cb2d4e57265290044d",
                "sha256:549a3a73da901d5bc3ce8d24e0600d1fa85524c10287f6004fbab87672bf3e1e",
                "sha256:55086ee1064215781fff39a1af09518bc9255b50d6333f2e4c74ca09fac6a8f6",
                "sha256:572c3763a264ba47b3cf708a44ce965d98555f618ca42c926a9c1616d8f34269",
                "sha256:573f6eac48f4769d667c4442081b1794f52919e7edada77495aaed9236d13a96",
                "sha256:5b4c145409bef602a690e7cfad0a15a55c13320ff7a3ad7ca59c13bb8ba4d45d",
                "sha256:6463effa3186ea09411d50efc7d85360b38d5f09b870c48e4600f63af490e56a",
                "sha256:65f6f63034100ead094b8744b3b97965785388f308a64cf8d7c34f2f2e5be0c4",
                "sha256:663946639d296df6a2bb2aa51b60a2454ca1cb29835324c640dafb5ff2131a77",
                "sha256:6897af51655e3691ff853668779c7bad41579facacf5fd7253b0133308cf000d",
                "sha256:68d1f8a9e9e37c1223b656399be5d6b448dea850bed7d0f87a8311f1ff3dabb0",
                "sha256:6ac7ffc7ad6d040517be39eb591cac5ff87416c2537df6ba3cba3bae290c0fed",
                "sha256:6b3251890fff30ee142c44144871185dbe13b11bab478a88887a639655be1068",
                "sha256:6c4caeef8fa63d06bd437cd4bdcf3ffefe6738fb1b25951440d80dc7df8c03ac",
                "sha256:6ef1d82a3af9d3eecdba2321dc1b3c238245d890843e040e41e470ffa64c3e25",
                "sha256:753f10e867343b4511128c6ed8c82f7bec3bd026875576dfd88483c5c73b2fd8",
                "sha256:7cd13a2e3ddeed6913a65e66e94b51d80a041145a026c27e6bb76c31a853c6ab",
                "sha256:7ed9e526742851e8d5cc9e6cf41427dfc6068d4f5a3bb03659444b4cabf6bc26",
                "sha256:7f04c839ed0b6b98b1a7501a002144b76c18fb1c1850c8b98d458ac269e26ed2",
                "sha256:802fe99cca7457642125a8a88a084cef28ff0cf9407060f7b93dca5aa25480db",
                "sha256:80402cd6ee291dcb72644d6eac93785fe2c8b9cb30893c1af5b8fdd753b9d40f",
                "sha256:8465322196c8b4d7ab6d1e049e4c5cb460d0394da4a27d23cc242fbf0034b6b5",
                "sha256:86216b5cee4b06df986d214f664305142d9c76df9b6512be2738aa72a2048f99",
                "sha256:87d1351268731db79e0f8e745d92493ee2841c974128ef629dc518b937d9194c",
                "sha256:8bdb58ff7ba23002a4c5808d608e4e6c687175724f54a5dade5fa8c67b604e4d",
                "sha256:8c622a5fe39a48f78944a87d4fb8a53ee07344641b0562c540d840748571b811",
                "sha256:8d756e44e94489e49571086ef83b2bb8ce311e730092d2c34ca8f7d925cb20aa",
                "sha256:8f4a014bc36d3c57402e2977dada34f9c12300af536839dc38c0beab8878f38a",
                "sha256:9063e24fdb1e498ab71cb7419e24622516c4a04476b17a2dab57e8baa30d6e03",
                "sha256:90d558489962fd4918143277a773316e56c72da56ec7aa3dc3dbbe20fdfed15b",
                "sha256:923c0c831b7cfcb071580d3f46c4baf50f174be571576556269530f4bbd79d04",
                "sha256:95f2a5796329323b8f0512e09dbb7a1860c46a39da62ecb2324f116fa8fdc85c",
                "sha256:96b02a3dc4381e5494fad39be677abcb5e6634bf7b4fa83a6dd3112607547001",
                "sha256:9f96df6923e21816da7e0ad3fd47dd8f94b2a5ce594e00677c0013018b813458",
                "sha256:a10af20b82360ab00827f916a6058451b723b4e65030c5a18577c8b2de5b3389",
                "sha256:a50aebfa173e157099939b17f18600f72f84eed3049e743b68ad15bd69b6bf99",
                "sha256:a981a536974bbc7a512cf44ed14938cf01030a99e9b3a06dd59578882f06f985",
                "sha256:a9a8e9031d613fd2009c182b69c7b2c1ef8239a0efb1df3f7c8da66d5dd3d537",
                "sha256:ae5f4161f18c61806f411a13b0310bea87f987c7d2ecdbdaad0e94eb2e404238",
                "sha256:aed38f6e4fb3f5d6bf81bfa990a07806be9d83cf7bacef998ab1a9bd660a581f",
                "sha256:b01b88d45a6fcb69667cd6d2f7a9aeb4bf53760d7fc536bf679ec94fe9f3ff3d",
                "sha256:b261ccdec7821281dade748d088bb6e9b69e6d15b30652b74cbbac25e280b796",
                "sha256:b2b0a0c0517616b6869869f8c581d4eb2dd83a4d79e0ebcb7d373ef9956aeb0a",
                "sha256:b4a23f61ce87adf89be746c8a8974fe1c823c891d8f86eb218bb957c924bb143",
                "sha256:bd8f7df7d12c2db9fab40bdd87a7c09b1530128315d047a086fa3ae3435cb3a8",
                "sha256:beb58fe5cdb101e3a055192ac291b7a21e3b7ef4f67fa1d74e331a7f2124341c",
                "sha256:c002b4ffc0be611f0d9da932eb0f704fe2602a9a949d1f738e4c34c75b0863d5",
                "sha256:c083af607d2515612056a31f0a8d9e0fcb5876b7bfc0abad3ecd275bc4ebc2d5",
                "sha256:c180f51afb394e165eafe4ac2936a14bee3eb10debc9d9e4db8958fe36afe711",
                "sha256:c235ebd9baae02f1b77bcea61bce332cb4331dc3617d254df3323aa01ab47bd4",
                "sha256:cd70574b12bb8a4d2aaa0094515df2463cb429d8536cfb6c7ce983246983e5a6",
                "sha256:d0eccceffcb53201b5bfebb52600a5fb483a20b61da9dbc885f8b103cbe7598c",
                "sha256:d965bba47ddeec8cd560687584e88cf699fd28f192ceb452d1d7ee807c5597b7",
                "sha256:db364eca23f876da6f9e16c9da0df51aa4f104a972735574842618b8c6d999d4",
                "sha256:ddbb2551d7e0102e7252db79ba445cdab71b26640817ab1e3e3648dad515003b",
                "sha256:deb6be0ac38ece9ba87dea880e438f25ca3eddfac8b002a2ec3d9183a454e8ae",
                "sha256:e06ed3eb3218bc64786f7db41917d4e686cc4856944f53d5bdf83a6884432e12",
                "sha256:e27ad930a842b4c5eb8ac0016b0a54f5aebbe679340c26101df33424142c143c",
                "sha256:e537484df0d8f426ce2afb2d0f8e1c3d0b114b83f8850e5f2fbea0e797bd82ae",
                "sha256:eb00ed941194665c332bf8e078baf037d6c35d7c4f3102ea2d4f16ca94a26dc8",
                "sha256:eb6904c354526e758fda7167b33005998fb68c46fbc10e013ca97f21ca5c8887",
                "sha256:eb8821e09e916165e160797a6c17edda0679379a4be5c716c260e836e122f54b",
                "sha256:efcb3f6676480691518c177e3b465bcddf57cea040302f9f4e6e191af91174d4",
                "sha256:f27273b60488abe721a075bcca6d7f3964f9f6f067c8c4c605743023d7d3944f",
                "sha256:f30c3cb33b24454a82faecaf01b19c18562b1e89558fb6c56de4d9118a032fd5",
                "sha256:fb69256e180cb6c8a894fee62b3afebae785babc1ee98b81cdf68bbca1987f33",
                "sha256:fd1abc0d89e30cc4e02e4064dc67fcc51bd941eb395c502aac3ec19fab46b519",
                "sha256:ff8fa367d09b717b2a17a052544193ad76cd49979c805768879cb63d9ca50561"
            ],
            "markers": "python_full_version >= '3.7.0'",
            "version": "==3.3.2"
        },
        "fasttext": {
            "hashes": [
                "sha256:8b39f3ac5df43873648ea400cb75d4f7f9455730ac5105490b23b70f14e03ea7",
                "sha256:eb03f2ef6340c6ac9e4398a30026f05471da99381b307aafe2f56e4cd26baaef"
            ],
            "index": "pypi",
            "version": "==0.9.3"
        },
        "idna": {
            "hashes": [
                "sha256:028ff3aadf0609c1fd278d8ea3089299412a7a8b9bd005dd08b9f8285bcb5cfc",
                "sha256:82fee1fc78add43492d3a1898bfa6d8a904cc97d8427f683ed8e798d07761aa0"
            ],
            "markers": "python_version >= '3.5'",
            "version": "==3.7"
        },
        "jellyfish": {
            "hashes": [
                "sha256:00e23fb1e87c8b99008fe0a9c00f509754cf0e1a74d9a975fc3737790e756679",
                "sha256:015997043c3eecbf686a71838028180d885f0dc4f7e99daf7194e1787ecd5909",
                "sha256:02525584cb1d09f3b5b784685a63ba6e889bce240acef12161d7a6f428ea6c2e",
                "sha256:0459f8dc1d63a165f3848ed9f756107cff0d4990e3dffbaed839228073b628b7",
                "sha256:069d406850c68a43513a4ddbbf4191e83a2b8fb08119d708086a21c2cf6c406e",
                "sha256:07e10f5ab014a626048ff7cd78a6a52c81845f89d94902371278c4be66d91909",
                "sha256:0d60ab87c542659bd71ed952fbc9c4186293e49016dd92ca79156fee6574a17d",
                "sha256:1529a9f1627acffda79ab490ca3f67d35ee1e15c2d30b3f9f93be895b212c4c5",
                "sha256:1561cd0d1687113a5b1e4c4f0e1ab373fbc851af0c9c769a486f94f9ede27cd5",
                "sha256:169634dc62f7bb9b93c03d3d7b5da327426023d47d58bd8b424c61aaaa33085c",
                "sha256:17c7822dcb9e70b682604941852f6bba78b047b60d41d2df0e6a75a5d2b1bb78",
                "sha256:1830f125dc2f41babd0101b2d67a325972f79e991af1e0a135d9efe2c890bbbc",
                "sha256:1d42fdf67a34a346d906b0ab8d56db9cc68bf6497382650d4581ec0fc8eef342",
                "sha256:209ccfbc135d150f6af2db9d3c13764f690aa6196fb74ecffd5394c367ed4938",
                "sha256:27f51df4818fc3eea3ed32c9f50883c011c9e1f972cc2b04cef614d24179f427",
                "sha256:2c001b7cfb14216108dcc851ac39fb428ed82138dabcd6a20e051a2ec5cd6f9e",
                "sha256:2cc0a11166cb1cea0700585de63fa46252a5efa46bc31bc4d869b71e3c666ded",
                "sha256:2d443734829b7e38a4e4525cc572e6ff6e0588254ae346a11c976b935efdbc54",
                "sha256:30ccf4b1e6a6f9a54f60250f5d65898746186b93aceebfd0dc7159cbe5554db3",
                "sha256:359aa8c0a55560bd0e6d17e2098b96428d91f066120a708ad889a729801a78b9",
                "sha256:363562fa5d99bc688a187ede4c05a9e220baf296a450fe1a24e2c02a65d0077c",
                "sha256:3c915ce23a518d2289c63a502064bf970b9748d9e4164e21e36ebba40c07ad37",
                "sha256:3ee641c1c68e0458cac4b9c8c4432d535de1bdd66e8514e541939094622b55cc",
                "sha256:42056f50f5c604132ca50088253122c8a0bdbf8f37959b60f4fd75026396be3c",
                "sha256:44329a7fa570a167144ef20d8d57dff7c59028ecc392cccd9385d23c321aa784",
                "sha256:47b0914f375be24976f26ff1436f22dc9fa1ecf9513dbe7ebbee6af5f85409a2",
                "sha256:481689f6e1a695ddf44b7fe9250d0f86839d98ab5418115d8e52886d488fd259",
                "sha256:4a47daa243798db689f8b1f3e6c811032075fd434e2af9dfea35a1553152e34e",
                "sha256:4de7c4e7245a2fa9d24bb75dd66aaf77b3521b2377883af0b6008740024ce598",
                "sha256:535a7e99c2b6d456b06d160c950379f18cb72effeb856069eae5d024e09b4afd",
                "sha256:59f4d263d15d868372c2dcfe12007707d3448a9253a1d912230f213b456ca697",
                "sha256:5b87fca57f6240fe4658810587a0ff49f261a6a49943ad003bbc109c358cec2e",
                "sha256:5dca33ca59163445c8afdedff7f47d7f27f0a88fabedfde4ea7197698adc6335",
                "sha256:6285981622d31c11994f2abcd0d35ec7661cba842538e59bfb735fbedf7b6531",
                "sha256:642dde8453ae45235c377ad3ce6cc990bf90fe9c4222896ab3f0f6c5609089a4",
                "sha256:651f8c75bf4352427f1160c2b1d9e994862cc86a9ce2106e9c0c2d87e973ca88",
                "sha256:66c7c6113565bcd3771882ff1c6a31573ef3ce755f882e1bf27b233c44a24f35",
                "sha256:6ceba547f96de1f58d29f87c816aab4ec02cbeb6606a48fcad1dcf35c1f06042",
                "sha256:72aabb3bedd513cdd20712242fd51173b59972c0b146b7a0b9c6f32f1656293f",
                "sha256:73e0789d20eda3923a6531693aca1ca6231bec12b9b7c6d7c2ed37b1889f40c1",
                "sha256:76b7936b69687d788aabb86875c0780d6a77dbac9d1738503b0091af744ff79b",
                "sha256:81f68a8ba074ef3630fab6e635d542708c6e7b5c504a546257b796835b28a5d5",
                "sha256:83e3c4b446da02926b382f8eb8b931e266927e82162adf4c57f0c55c2bf95b35",
                "sha256:896552560dcba125db074b980ccc17e123e9444593b272edb82254e4b30f0bd1",
                "sha256:89f6db50049492c49b622e8e8c04c5494d4c96c92f0ae573288eefb809d60d1f",
                "sha256:8eaa4f2cf78f34cfd41270968954b3bc1eed433b6e7d124786b8064021c110a5",
                "sha256:90384f8b4446a84682bb18051cdc17a069963fff1d0af03ccd2b044b62af6d44",
                "sha256:91dc251d02dee6686a1dc31a30a0ea7d8f49781556272b1044cb1a942db75a40",
                "sha256:967723d8a1321327b3d6e9eada2db95659ff27ab6de8bb8dc82eefe1ce993333",
                "sha256:984e6307ed255224dc38370b953b48e6f13950209d76489ade582dedc66a001a",
                "sha256:a001b0794aa84bcab311f6019289904ddf417b47ffe2b4796b41a8314bae3c1c",
                "sha256:a4b717a510e64773c4f882b373d4aeda7d2b2b8ffae87c16a906426b7cd02d55",
                "sha256:a9fd3409238012c3d153b5d3ec5f3fe32648ceb6a86f67d42434f0f5f2447a28",
                "sha256:b1457d3de969f652d6396cb0329cae3f8d75e0851b335f106624bc991c63c80b",
                "sha256:b365ef28bed2673fffec38775aae36fd9d692ff3e2c6f331ed1898c00cd1f388",
                "sha256:bd33becfa61956c8ebd12bcb7227d48156d7e4c289780bcccf06e55acde12bf6",
                "sha256:c3addb4eebadd7cd4f6cdbff55a4a28caf2448333131b20661d4ff342f53e8a4",
                "sha256:c54255f79a5d00a8261c48e75b483bf1ba2aa87655bd69d4cff805eab758c0f4",
                "sha256:c9c713fb0012db4468c2aff8e3a6b6dbd63908563bec0f0ed508d280f0fc4937",
                "sha256:ce7a7c6ab717d7b8961d234a60c0e12f80a24b4b0ec213a2272f4cdba013b5f8",
                "sha256:d40c3ebd4a00a55845b5653e4a5a8784a032a68e91ca3713163e446b48168887",
                "sha256:d78874364780b2a6ec248c3d92fb5343cdc5dadaa552cc564eebe7941678303c",
                "sha256:d88f47c5c3d97f40b4aa42b83d7ca03707bd6bebd945c9532da6e25515bbeea4",
                "sha256:d9552ac0478d3015f93161e7d7e1a388b3204fac2a1a22aaf30d67c3670eb6f2",
                "sha256:e003e5db6607b46d7f1e321628a0a04e8f56adcbdd8aadfb6b61ec6764bc028a",
                "sha256:e94d594b4b4902a5278346852227f9be281a4aa61907ecd00091451bce8279be",
                "sha256:e9f9d82531af35123632bd02a4394c8783a6f81d89b5c1711bd4c1a6c800a8dc",
                "sha256:f2cfa648575d1e8197cd61a1936929913916173aee8ee66210eb6a08b1a2fa11",
                "sha256:f581b0184ce7a000f38941b2c81a4480b5fd52cdeb5672f9f682d9e3adb8db84",
                "sha256:f5af807b15db3c7d08c30911fbe82266ff1089f28ba5a682e87e3145943936cd",
                "sha256:f5bc5e05616155306756abe2afda23caefb766b59c849d88285f67bcdcf5a5bb",
                "sha256:f6f5aaa4f4326feb6754878f3875ee39c5df2e650abe04f9da28c80c3e341728",
                "sha256:ffe094f4d5b1de72ed1e8bb3e729ada8915f096bc04c344aabb4327a669f272e"
            ],
            "index": "pypi",
            "markers": "python_version >= '3.7'",
            "version": "==1.0.4"
        },
        "joblib": {
            "hashes": [
                "sha256:06d478d5674cbc267e7496a410ee875abd68e4340feff4490bcb7afb88060ae6",
                "sha256:2382c5816b2636fbd20a09e0f4e9dad4736765fdfb7dca582943b9c1366b3f0e"
            ],
            "markers": "python_version >= '3.8'",
            "version": "==1.4.2"
        },
        "numpy": {
            "hashes": [
                "sha256:04494f6ec467ccb5369d1808570ae55f6ed9b5809d7f035059000a37b8d7e86f",
                "sha256:0a43f0974d501842866cc83471bdb0116ba0dffdbaac33ec05e6afed5b615238",
                "sha256:0e50842b2295ba8414c8c1d9d957083d5dfe9e16828b37de883f51fc53c4016f",
                "sha256:0ec84b9ba0654f3b962802edc91424331f423dcf5d5f926676e0150789cb3d95",
                "sha256:17067d097ed036636fa79f6a869ac26df7db1ba22039d962422506640314933a",
                "sha256:1cde1753efe513705a0c6d28f5884e22bdc30438bf0085c5c486cdaff40cd67a",
                "sha256:1e72728e7501a450288fc8e1f9ebc73d90cfd4671ebbd631f3e7857c39bd16f2",
                "sha256:2635dbd200c2d6faf2ef9a0d04f0ecc6b13b3cad54f7c67c61155138835515d2",
                "sha256:2ce46fd0b8a0c947ae047d222f7136fc4d55538741373107574271bc00e20e8f",
                "sha256:34f003cb88b1ba38cb9a9a4a3161c1604973d7f9d5552c38bc2f04f829536609",
                "sha256:354f373279768fa5a584bac997de6a6c9bc535c482592d7a813bb0c09be6c76f",
                "sha256:38ecb5b0582cd125f67a629072fed6f83562d9dd04d7e03256c9829bdec027ad",
                "sha256:3e8e01233d57639b2e30966c63d36fcea099d17c53bf424d77f088b0f4babd86",
                "sha256:3f6bed7f840d44c08ebdb73b1825282b801799e325bcbdfa6bc5c370e5aecc65",
                "sha256:4554eb96f0fd263041baf16cf0881b3f5dafae7a59b1049acb9540c4d57bc8cb",
                "sha256:46e161722e0f619749d1cd892167039015b2c2817296104487cd03ed4a955995",
                "sha256:49d9f7d256fbc804391a7f72d4a617302b1afac1112fac19b6c6cec63fe7fe8a",
                "sha256:4d2f62e55a4cd9c58c1d9a1c9edaedcd857a73cb6fda875bf79093f9d9086f85",
                "sha256:5f64641b42b2429f56ee08b4f427a4d2daf916ec59686061de751a55aafa22e4",
                "sha256:63b92c512d9dbcc37f9d81b123dec99fdb318ba38c8059afc78086fe73820275",
                "sha256:6d7696c615765091cc5093f76fd1fa069870304beaccfd58b5dcc69e55ef49c1",
                "sha256:79e843d186c8fb1b102bef3e2bc35ef81160ffef3194646a7fdd6a73c6b97196",
                "sha256:821eedb7165ead9eebdb569986968b541f9908979c2da8a4967ecac4439bae3d",
                "sha256:84554fc53daa8f6abf8e8a66e076aff6ece62de68523d9f665f32d2fc50fd66e",
                "sha256:8d83bb187fb647643bd56e1ae43f273c7f4dbcdf94550d7938cfc32566756514",
                "sha256:903703372d46bce88b6920a0cd86c3ad82dae2dbef157b5fc01b70ea1cfc430f",
                "sha256:9416a5c2e92ace094e9f0082c5fd473502c91651fb896bc17690d6fc475128d6",
                "sha256:9a1712c015831da583b21c5bfe15e8684137097969c6d22e8316ba66b5baabe4",
                "sha256:9c27f0946a3536403efb0e1c28def1ae6730a72cd0d5878db38824855e3afc44",
                "sha256:a356364941fb0593bb899a1076b92dfa2029f6f5b8ba88a14fd0984aaf76d0df",
                "sha256:a7039a136017eaa92c1848152827e1424701532ca8e8967fe480fe1569dae581",
                "sha256:acd3a644e4807e73b4e1867b769fbf1ce8c5d80e7caaef0d90dcdc640dfc9787",
                "sha256:ad0c86f3455fbd0de6c31a3056eb822fc939f81b1618f10ff3406971893b62a5",
                "sha256:b4c76e3d4c56f145d41b7b6751255feefae92edbc9a61e1758a98204200f30fc",
                "sha256:b6f6a8f45d0313db07d6d1d37bd0b112f887e1369758a5419c0370ba915b3871",
                "sha256:c5a59996dc61835133b56a32ebe4ef3740ea5bc19b3983ac60cc32be5a665d54",
                "sha256:c73aafd1afca80afecb22718f8700b40ac7cab927b8abab3c3e337d70e10e5a2",
                "sha256:cee6cc0584f71adefe2c908856ccc98702baf95ff80092e4ca46061538a2ba98",
                "sha256:cef04d068f5fb0518a77857953193b6bb94809a806bd0a14983a8f12ada060c9",
                "sha256:cf5d1c9e6837f8af9f92b6bd3e86d513cdc11f60fd62185cc49ec7d1aba34864",
                "sha256:e61155fae27570692ad1d327e81c6cf27d535a5d7ef97648a17d922224b216de",
                "sha256:e7f387600d424f91576af20518334df3d97bc76a300a755f9a8d6e4f5cadd289",
                "sha256:ed08d2703b5972ec736451b818c2eb9da80d66c3e84aed1deeb0c345fefe461b",
                "sha256:fbd6acc766814ea6443628f4e6751d0da6593dae29c08c0b2606164db026970c",
                "sha256:feff59f27338135776f6d4e2ec7aeeac5d5f7a08a83e80869121ef8164b74af9"
            ],
            "markers": "python_version >= '3.9'",
            "version": "==2.0.0"
        },
        "pandas": {
            "hashes": [
                "sha256:001910ad31abc7bf06f49dcc903755d2f7f3a9186c0c040b827e522e9cef0863",
                "sha256:0ca6377b8fca51815f382bd0b697a0814c8bda55115678cbc94c30aacbb6eff2",
                "sha256:0cace394b6ea70c01ca1595f839cf193df35d1575986e484ad35c4aeae7266c1",
                "sha256:1cb51fe389360f3b5a4d57dbd2848a5f033350336ca3b340d1c53a1fad33bcad",
                "sha256:2925720037f06e89af896c70bca73459d7e6a4be96f9de79e2d440bd499fe0db",
                "sha256:3e374f59e440d4ab45ca2fffde54b81ac3834cf5ae2cdfa69c90bc03bde04d76",
                "sha256:40ae1dffb3967a52203105a077415a86044a2bea011b5f321c6aa64b379a3f51",
                "sha256:43498c0bdb43d55cb162cdc8c06fac328ccb5d2eabe3cadeb3529ae6f0517c32",
                "sha256:4abfe0be0d7221be4f12552995e58723c7422c80a659da13ca382697de830c08",
                "sha256:58b84b91b0b9f4bafac2a0ac55002280c094dfc6402402332c0913a59654ab2b",
                "sha256:640cef9aa381b60e296db324337a554aeeb883ead99dc8f6c18e81a93942f5f4",
                "sha256:66b479b0bd07204e37583c191535505410daa8df638fd8e75ae1b383851fe921",
                "sha256:696039430f7a562b74fa45f540aca068ea85fa34c244d0deee539cb6d70aa288",
                "sha256:6d2123dc9ad6a814bcdea0f099885276b31b24f7edf40f6cdbc0912672e22eee",
                "sha256:8635c16bf3d99040fdf3ca3db669a7250ddf49c55dc4aa8fe0ae0fa8d6dcc1f0",
                "sha256:873d13d177501a28b2756375d59816c365e42ed8417b41665f346289adc68d24",
                "sha256:8e5a0b00e1e56a842f922e7fae8ae4077aee4af0acb5ae3622bd4b4c30aedf99",
                "sha256:8e90497254aacacbc4ea6ae5e7a8cd75629d6ad2b30025a4a8b09aa4faf55151",
                "sha256:9057e6aa78a584bc93a13f0a9bf7e753a5e9770a30b4d758b8d5f2a62a9433cd",
                "sha256:90c6fca2acf139569e74e8781709dccb6fe25940488755716d1d354d6bc58bce",
                "sha256:92fd6b027924a7e178ac202cfbe25e53368db90d56872d20ffae94b96c7acc57",
                "sha256:9dfde2a0ddef507a631dc9dc4af6a9489d5e2e740e226ad426a05cabfbd7c8ef",
                "sha256:9e79019aba43cb4fda9e4d983f8e88ca0373adbb697ae9c6c43093218de28b54",
                "sha256:a77e9d1c386196879aa5eb712e77461aaee433e54c68cf253053a73b7e49c33a",
                "sha256:c7adfc142dac335d8c1e0dcbd37eb8617eac386596eb9e1a1b77791cf2498238",
                "sha256:d187d355ecec3629624fccb01d104da7d7f391db0311145817525281e2804d23",
                "sha256:ddf818e4e6c7c6f4f7c8a12709696d193976b591cc7dc50588d3d1a6b5dc8772",
                "sha256:e9b79011ff7a0f4b1d6da6a61aa1aa604fb312d6647de5bad20013682d1429ce",
                "sha256:eee3a87076c0756de40b05c5e9a6069c035ba43e8dd71c379e68cab2c20f16ad"
            ],
            "index": "pypi",
            "markers": "python_version >= '3.9'",
            "version": "==2.2.2"
        },
        "polars-lts-cpu": {
            "hashes": [
                "sha256:0f70a36b69e2ab476ef7941f0f78ca092f8bc8dfecafe178f1a3338e56f8fd6c",
                "sha256:1389b0dbe364814d82083b382fabe1ed23b9b85f6fd5834068edbd3f9e09e950",
                "sha256:a29602853e67df9ee84db478e4d747185fd03ae3b24f1e93bce343d1f8a8ab26",
                "sha256:e4c3d203d398bd2914fe191544385950a0cd559051af6b2f6b431b837e357d8e",
                "sha256:e75e78144d734c9359dbf3f64a83ad4711db01f67e488f46e8e3d04c368c09e9",
                "sha256:fa695fc248fedc7e9a0c25bbe32683f6a766e7c4fa85911ed4c3f8bcdcff9067"
            ],
            "index": "pypi",
            "markers": "python_version >= '3.8'",
            "version": "==1.0.0"
        },
        "pyarrow": {
            "hashes": [
                "sha256:06ebccb6f8cb7357de85f60d5da50e83507954af617d7b05f48af1621d331c9a",
                "sha256:0d07de3ee730647a600037bc1d7b7994067ed64d0eba797ac74b2bc77384f4c2",
                "sha256:0d27bf89dfc2576f6206e9cd6cf7a107c9c06dc13d53bbc25b0bd4556f19cf5f",
                "sha256:0d32000693deff8dc5df444b032b5985a48592c0697cb6e3071a5d59888714e2",
                "sha256:15fbb22ea96d11f0b5768504a3f961edab25eaf4197c341720c4a387f6c60315",
                "sha256:17e23b9a65a70cc733d8b738baa6ad3722298fa0c81d88f63ff94bf25eaa77b9",
                "sha256:185d121b50836379fe012753cf15c4ba9638bda9645183ab36246923875f8d1b",
                "sha256:18da9b76a36a954665ccca8aa6bd9f46c1145f79c0bb8f4f244f5f8e799bca55",
                "sha256:19741c4dbbbc986d38856ee7ddfdd6a00fc3b0fc2d928795b95410d38bb97d15",
                "sha256:25233642583bf658f629eb230b9bb79d9af4d9f9229890b3c878699c82f7d11e",
                "sha256:2e51ca1d6ed7f2e9d5c3c83decf27b0d17bb207a7dea986e8dc3e24f80ff7d6f",
                "sha256:2e73cfc4a99e796727919c5541c65bb88b973377501e39b9842ea71401ca6c1c",
                "sha256:31a1851751433d89a986616015841977e0a188662fcffd1a5677453f1df2de0a",
                "sha256:3b20bd67c94b3a2ea0a749d2a5712fc845a69cb5d52e78e6449bbd295611f3aa",
                "sha256:4740cc41e2ba5d641071d0ab5e9ef9b5e6e8c7611351a5cb7c1d175eaf43674a",
                "sha256:48be160782c0556156d91adbdd5a4a7e719f8d407cb46ae3bb4eaee09b3111bd",
                "sha256:8785bb10d5d6fd5e15d718ee1d1f914fe768bf8b4d1e5e9bf253de8a26cb1628",
                "sha256:98100e0268d04e0eec47b73f20b39c45b4006f3c4233719c3848aa27a03c1aef",
                "sha256:99f7549779b6e434467d2aa43ab2b7224dd9e41bdde486020bae198978c9e05e",
                "sha256:9cf389d444b0f41d9fe1444b70650fea31e9d52cfcb5f818b7888b91b586efff",
                "sha256:a33a64576fddfbec0a44112eaf844c20853647ca833e9a647bfae0582b2ff94b",
                "sha256:a8914cd176f448e09746037b0c6b3a9d7688cef451ec5735094055116857580c",
                "sha256:b04707f1979815f5e49824ce52d1dceb46e2f12909a48a6a753fe7cafbc44a0c",
                "sha256:b5f5705ab977947a43ac83b52ade3b881eb6e95fcc02d76f501d549a210ba77f",
                "sha256:ba8ac20693c0bb0bf4b238751d4409e62852004a8cf031c73b0e0962b03e45e3",
                "sha256:bf9251264247ecfe93e5f5a0cd43b8ae834f1e61d1abca22da55b20c788417f6",
                "sha256:d0ebea336b535b37eee9eee31761813086d33ed06de9ab6fc6aaa0bace7b250c",
                "sha256:ddf5aace92d520d3d2a20031d8b0ec27b4395cab9f74e07cc95edf42a5cc0147",
                "sha256:ddfe389a08ea374972bd4065d5f25d14e36b43ebc22fc75f7b951f24378bf0b5",
                "sha256:e1369af39587b794873b8a307cc6623a3b1194e69399af0efd05bb202195a5a7",
                "sha256:e6b6d3cd35fbb93b70ade1336022cc1147b95ec6af7d36906ca7fe432eb09710",
                "sha256:f07fdffe4fd5b15f5ec15c8b64584868d063bc22b86b46c9695624ca3505b7b4",
                "sha256:f2c5fb249caa17b94e2b9278b36a05ce03d3180e6da0c4c3b3ce5b2788f30eed",
                "sha256:f68f409e7b283c085f2da014f9ef81e885d90dcd733bd648cfba3ef265961848",
                "sha256:fbef391b63f708e103df99fbaa3acf9f671d77a183a07546ba2f2c297b361e83",
                "sha256:febde33305f1498f6df85e8020bca496d0e9ebf2093bab9e0f65e2b4ae2b3444"
            ],
            "index": "pypi",
            "markers": "python_version >= '3.8'",
            "version": "==16.1.0"
        },
        "pybind11": {
            "hashes": [
                "sha256:65be498b1cac516161add1508e65375674916bebf2570d057dc9c3c7bcbbc7b0",
                "sha256:97881536abe0cd4260a9ccc5bf6d1cf3113318f08af1feb82d4b9f95e93f0aa4"
            ],
            "markers": "python_version >= '3.7'",
            "version": "==2.13.1"
        },
        "python-dateutil": {
            "hashes": [
                "sha256:37dd54208da7e1cd875388217d5e00ebd4179249f90fb72437e91a35459a0ad3",
                "sha256:a8b2bc7bffae282281c8140a97d3aa9c14da0b136dfe83f850eea9a5f7470427"
            ],
            "markers": "python_version >= '2.7' and python_version not in '3.0, 3.1, 3.2, 3.3'",
            "version": "==2.9.0.post0"
        },
        "pytz": {
            "hashes": [
                "sha256:2a29735ea9c18baf14b448846bde5a48030ed267578472d8955cd0e7443a9812",
                "sha256:328171f4e3623139da4983451950b28e95ac706e13f3f2630a879749e7a8b319"
            ],
            "version": "==2024.1"
        },
        "rapidfuzz": {
            "hashes": [
                "sha256:005a02688a51c7d2451a2d41c79d737aa326ff54167211b78a383fc2aace2c2c",
                "sha256:015b5080b999404fe06ec2cb4f40b0be62f0710c926ab41e82dfbc28e80675b4",
                "sha256:01b42a8728c36011718da409aa86b84984396bf0ca3bfb6e62624f2014f6022c",
                "sha256:04dbdfb0f0bfd3f99cf1e9e24fadc6ded2736d7933f32f1151b0f2abb38f9a25",
                "sha256:07141aa6099e39d48637ce72a25b893fc1e433c50b3e837c75d8edf99e0c63e1",
                "sha256:0772150d37bf018110351c01d032bf9ab25127b966a29830faa8ad69b7e2f651",
                "sha256:098d231d4e51644d421a641f4a5f2f151f856f53c252b03516e01389b2bfef99",
                "sha256:0c8fc973adde8ed52810f590410e03fb6f0b541bbaeb04c38d77e63442b2df4c",
                "sha256:10e61bb7bc807968cef09a0e32ce253711a2d450a4dce7841d21d45330ffdb24",
                "sha256:129627d730db2e11f76169344a032f4e3883d34f20829419916df31d6d1338b1",
                "sha256:1424e238bc3f20e1759db1e0afb48a988a9ece183724bef91ea2a291c0b92a95",
                "sha256:15bc397ee9a3ed1210b629b9f5f1da809244adc51ce620c504138c6e7095b7bd",
                "sha256:167e745f98baa0f3034c13583e6302fb69249a01239f1483d68c27abb841e0a1",
                "sha256:17ab8b7d10fde8dd763ad428aa961c0f30a1b44426e675186af8903b5d134fb0",
                "sha256:1869c42e73e2a8910b479be204fa736418741b63ea2325f9cc583c30f2ded41a",
                "sha256:1950f8597890c0c707cb7e0416c62a1cf03dcdb0384bc0b2dbda7e05efe738ec",
                "sha256:1bc1a0f29f9119be7a8d3c720f1d2068317ae532e39e4f7f948607c3a6de8396",
                "sha256:1df0f9e9239132a231c86ae4f545ec2b55409fa44470692fcfb36b1bd00157ad",
                "sha256:20488ade4e1ddba3cfad04f400da7a9c1b91eff5b7bd3d1c50b385d78b587f4f",
                "sha256:26aa7eece23e0df55fb75fbc2a8fb678322e07c77d1fd0e9540496e6e2b5f03e",
                "sha256:2797fb847d89e04040d281cb1902cbeffbc4b5131a5c53fc0db490fd76b2a547",
                "sha256:2c99d355f37f2b289e978e761f2f8efeedc2b14f4751d9ff7ee344a9a5ca98d9",
                "sha256:31a2fc60bb2c7face4140010a7aeeafed18b4f9cdfa495cc644a68a8c60d1ff7",
                "sha256:355fc4a268ffa07bab88d9adee173783ec8d20136059e028d2a9135c623c44e6",
                "sha256:366bf8947b84e37f2f4cf31aaf5f37c39f620d8c0eddb8b633e6ba0129ca4a0a",
                "sha256:3a2e75e41ee3274754d3b2163cc6c82cd95b892a85ab031f57112e09da36455f",
                "sha256:3a555e3c841d6efa350f862204bb0a3fea0c006b8acc9b152b374fa36518a1c6",
                "sha256:3a944e546a296a5fdcaabb537b01459f1b14d66f74e584cb2a91448bffadc3c1",
                "sha256:3c522f462d9fc504f2ea8d82e44aa580e60566acc754422c829ad75c752fbf8d",
                "sha256:3fe4545f89f8d6c27b6bbbabfe40839624873c08bd6700f63ac36970a179f8f5",
                "sha256:3fe86b82b776554add8f900b6af202b74eb5efe8f25acdb8680a5c977608727f",
                "sha256:40419e98b10cd6a00ce26e4837a67362f658fc3cd7a71bd8bd25c99f7ee8fea5",
                "sha256:4968c8bd1df84b42f382549e6226710ad3476f976389839168db3e68fd373298",
                "sha256:4a6c35f272ec9c430568dc8c1c30cb873f6bc96be2c79795e0bce6db4e0e101d",
                "sha256:4c72078b5fdce34ba5753f9299ae304e282420e6455e043ad08e4488ca13a2b0",
                "sha256:4d38b4e026fcd580e0bda6c0ae941e0e9a52c6bc66cdce0b8b0da61e1959f5f8",
                "sha256:4d81a78f90269190b568a8353d4ea86015289c36d7e525cd4d43176c88eff429",
                "sha256:4fb96ba96d58c668a17a06b5b5e8340fedc26188e87b0d229d38104556f30cd8",
                "sha256:52e3d89377744dae68ed7c84ad0ddd3f5e891c82d48d26423b9e066fc835cc7c",
                "sha256:6022674aa1747d6300f699cd7c54d7dae89bfe1f84556de699c4ac5df0838082",
                "sha256:60ff67c690acecf381759c16cb06c878328fe2361ddf77b25d0e434ea48a29da",
                "sha256:62ea7007941fb2795fff305ac858f3521ec694c829d5126e8f52a3e92ae75526",
                "sha256:698e992436bf7f0afc750690c301215a36ff952a6dcd62882ec13b9a1ebf7a39",
                "sha256:7fa714fb96ce9e70c37e64c83b62fe8307030081a0bfae74a76fac7ba0f91715",
                "sha256:84fc1ee19fdad05770c897e793836c002344524301501d71ef2e832847425707",
                "sha256:8d9d58689aca22057cf1a5851677b8a3ccc9b535ca008c7ed06dc6e1899f7844",
                "sha256:8f37e9e1f17be193c41a31c864ad4cd3ebd2b40780db11cd5c04abf2bcf4201b",
                "sha256:90a82143c14e9a14b723a118c9ef8d1bbc0c5a16b1ac622a1e6c916caff44dd8",
                "sha256:9e618625ffc4660b26dc8e56225f8b966d5842fa190e70c60db6cd393e25b86e",
                "sha256:9f256c8fb8f3125574c8c0c919ab0a1f75d7cba4d053dda2e762dcc36357969d",
                "sha256:acc5ceca9c1e1663f3e6c23fb89a311f69b7615a40ddd7645e3435bf3082688a",
                "sha256:ad04ae301129f0eb5b350a333accd375ce155a0c1cec85ab0ec01f770214e2e4",
                "sha256:ad61676e9bdae677d577fe80ec1c2cea1d150c86be647e652551dcfe505b1113",
                "sha256:addcdd3c3deef1bd54075bd7aba0a6ea9f1d01764a08620074b7a7b1e5447cb9",
                "sha256:aee5f6b8321f90615c184bd8a4c676e9becda69b8e4e451a90923db719d6857c",
                "sha256:aee9fc9e3bb488d040afc590c0a7904597bf4ccd50d1491c3f4a5e7e67e6cd2c",
                "sha256:af65020c0dd48d0d8ae405e7e69b9d8ae306eb9b6249ca8bf511a13f465fad85",
                "sha256:b0fc91ac59f4414d8542454dfd6287a154b8e6f1256718c898f695bdbb993467",
                "sha256:b5d5072b548db1b313a07d62d88fe0b037bd2783c16607c647e01b070f6cf9e5",
                "sha256:b712336ad6f2bacdbc9f1452556e8942269ef71f60a9e6883ef1726b52d9228a",
                "sha256:b76f611935f15a209d3730c360c56b6df8911a9e81e6a38022efbfb96e433bab",
                "sha256:bc01a223f6605737bec3202e94dcb1a449b6c76d46082cfc4aa980f2a60fd40e",
                "sha256:c76da20481c906e08400ee9be230f9e611d5931a33707d9df40337c2655c84b5",
                "sha256:c9b9793c19bdf38656c8eaefbcf4549d798572dadd70581379e666035c9df781",
                "sha256:cb934363380c60f3a57d14af94325125cd8cded9822611a9f78220444034e36e",
                "sha256:cd6ac61b74fdb9e23f04d5f068e6cf554f47e77228ca28aa2347a6ca8903972f",
                "sha256:cf5bcf22e1f0fd273354462631d443ef78d677f7d2fc292de2aec72ae1473e66",
                "sha256:d070ec5cf96b927c4dc5133c598c7ff6db3b833b363b2919b13417f1002560bc",
                "sha256:d2c51955329bfccf99ae26f63d5928bf5be9fcfcd9f458f6847fd4b7e2b8986c",
                "sha256:d395d46b80063d3b5d13c0af43d2c2cedf3ab48c6a0c2aeec715aa5455b0c632",
                "sha256:d6481e099ff8c4edda85b8b9b5174c200540fd23c8f38120016c765a86fa01f5",
                "sha256:d8a52fc50ded60d81117d7647f262c529659fb21d23e14ebfd0b35efa4f1b83d",
                "sha256:d8e9130fe5d7c9182990b366ad78fd632f744097e753e08ace573877d67c32f8",
                "sha256:db0bf0663b4b6da1507869722420ea9356b6195aa907228d6201303e69837af9",
                "sha256:db1664eaff5d7d0f2542dd9c25d272478deaf2c8412e4ad93770e2e2d828e175",
                "sha256:dcb72e5f9762fd469701a7e12e94b924af9004954f8c739f925cb19c00862e38",
                "sha256:ded58612fe3b0e0d06e935eaeaf5a9fd27da8ba9ed3e2596307f40351923bf72",
                "sha256:e272df61bee0a056a3daf99f9b1bd82cf73ace7d668894788139c868fdf37d6f",
                "sha256:e590d5d5443cf56f83a51d3c4867bd1f6be8ef8cfcc44279522bcef3845b2a51",
                "sha256:e61b03509b1a6eb31bc5582694f6df837d340535da7eba7bedb8ae42a2fcd0b9",
                "sha256:e81e27e8c32a1e1278a4bb1ce31401bfaa8c2cc697a053b985a6f8d013df83ec",
                "sha256:eb26d412271e5a76cdee1c2d6bf9881310665d3fe43b882d0ed24edfcb891a84",
                "sha256:ed01378f605aa1f449bee82cd9c83772883120d6483e90aa6c5a4ce95dc5c3aa",
                "sha256:f16f5d1c4f02fab18366f2d703391fcdbd87c944ea10736ca1dc3d70d8bd2d8b",
                "sha256:f187a9c3b940ce1ee324710626daf72c05599946bd6748abe9e289f1daa9a077",
                "sha256:f2464bb120f135293e9a712e342c43695d3d83168907df05f8c4ead1612310c7",
                "sha256:f2d2846f3980445864c7e8b8818a29707fcaff2f0261159ef6b7bd27ba139296",
                "sha256:f46a22506f17c0433e349f2d1dc11907c393d9b3601b91d4e334fa9a439a6a4d",
                "sha256:f5fdc09cf6e9d8eac3ce48a4615b3a3ee332ea84ac9657dbbefef913b13e632f",
                "sha256:f74ed072c2b9dc6743fb19994319d443a4330b0e64aeba0aa9105406c7c5b9c2",
                "sha256:f75639277304e9b75e6a7b3c07042d2264e16740a11e449645689ed28e9c2124",
                "sha256:fbebf1791a71a2e89f5c12b78abddc018354d5859e305ec3372fdae14f80a826",
                "sha256:fe833493fb5cc5682c823ea3e2f7066b07612ee8f61ecdf03e1268f262106cdd"
            ],
            "markers": "python_version >= '3.8'",
            "version": "==3.9.4"
        },
        "recordlinkage": {
            "hashes": [
                "sha256:7ca404ab30435ea4b0ae2eda411f8dcc3c48186e152d3ca91fb525e8f6c0fd63",
                "sha256:ecda0c10dff138b1706815de332b1285f670ae7e8cce92596213501d589e6aa4"
            ],
            "index": "pypi",
            "markers": "python_version >= '3.8'",
            "version": "==0.16"
        },
        "requests": {
            "hashes": [
                "sha256:55365417734eb18255590a9ff9eb97e9e1da868d4ccd6402399eaf68af20a760",
                "sha256:70761cfe03c773ceb22aa2f671b4757976145175cdfca038c02654d061d6dcc6"
            ],
            "index": "pypi",
            "markers": "python_version >= '3.8'",
            "version": "==2.32.3"
        },
        "scikit-learn": {
            "hashes": [
                "sha256:0828673c5b520e879f2af6a9e99eee0eefea69a2188be1ca68a6121b809055c1",
                "sha256:0ea5d40c0e3951df445721927448755d3fe1d80833b0b7308ebff5d2a45e6414",
                "sha256:10e49170691514a94bb2e03787aa921b82dbc507a4ea1f20fd95557862c98dc1",
                "sha256:154297ee43c0b83af12464adeab378dee2d0a700ccd03979e2b821e7dd7cc1c2",
                "sha256:161808750c267b77b4a9603cf9c93579c7a74ba8486b1336034c2f1579546d21",
                "sha256:1bd8d3a19d4bd6dc5a7d4f358c8c3a60934dc058f363c34c0ac1e9e12a31421d",
                "sha256:1ff4ba34c2abff5ec59c803ed1d97d61b036f659a17f55be102679e88f926fac",
                "sha256:508907e5f81390e16d754e8815f7497e52139162fd69c4fdbd2dfa5d6cc88915",
                "sha256:5944ce1faada31c55fb2ba20a5346b88e36811aab504ccafb9f0339e9f780395",
                "sha256:5f57428de0c900a98389c4a433d4a3cf89de979b3aa24d1c1d251802aa15e44d",
                "sha256:689b6f74b2c880276e365fe84fe4f1befd6a774f016339c65655eaff12e10cbf",
                "sha256:781586c414f8cc58e71da4f3d7af311e0505a683e112f2f62919e3019abd3745",
                "sha256:7b073a27797a283187a4ef4ee149959defc350b46cbf63a84d8514fe16b69855",
                "sha256:88e0672c7ac21eb149d409c74cc29f1d611d5158175846e7a9c2427bd12b3956",
                "sha256:909144d50f367a513cee6090873ae582dba019cb3fca063b38054fa42704c3a4",
                "sha256:97625f217c5c0c5d0505fa2af28ae424bd37949bb2f16ace3ff5f2f81fb4498b",
                "sha256:9a07f90846313a7639af6a019d849ff72baadfa4c74c778821ae0fad07b7275b",
                "sha256:b59e3e62d2be870e5c74af4e793293753565c7383ae82943b83383fdcf5cc5c1",
                "sha256:b5e865e9bd59396220de49cb4a57b17016256637c61b4c5cc81aaf16bc123bbe",
                "sha256:da3f404e9e284d2b0a157e1b56b6566a34eb2798205cba35a211df3296ab7a74",
                "sha256:f5b213bc29cc30a89a3130393b0e39c847a15d769d6e59539cd86b75d276b1a7"
            ],
            "markers": "python_version >= '3.9'",
            "version": "==1.5.1"
        },
        "scipy": {
            "hashes": [
                "sha256:076c27284c768b84a45dcf2e914d4000aac537da74236a0d45d82c6fa4b7b3c0",
                "sha256:07e179dc0205a50721022344fb85074f772eadbda1e1b3eecdc483f8033709b7",
                "sha256:176c6f0d0470a32f1b2efaf40c3d37a24876cebf447498a4cefb947a79c21e9d",
                "sha256:42470ea0195336df319741e230626b6225a740fd9dce9642ca13e98f667047c0",
                "sha256:4c4161597c75043f7154238ef419c29a64ac4a7c889d588ea77690ac4d0d9b20",
                "sha256:5b083c8940028bb7e0b4172acafda6df762da1927b9091f9611b0bcd8676f2bc",
                "sha256:64b2ff514a98cf2bb734a9f90d32dc89dc6ad4a4a36a312cd0d6327170339eb0",
                "sha256:65df4da3c12a2bb9ad52b86b4dcf46813e869afb006e58be0f516bc370165159",
                "sha256:687af0a35462402dd851726295c1a5ae5f987bd6e9026f52e9505994e2f84ef6",
                "sha256:6a9c9a9b226d9a21e0a208bdb024c3982932e43811b62d202aaf1bb59af264b1",
                "sha256:6d056a8709ccda6cf36cdd2eac597d13bc03dba38360f418560a93050c76a16e",
                "sha256:7d3da42fbbbb860211a811782504f38ae7aaec9de8764a9bef6b262de7a2b50f",
                "sha256:7e911933d54ead4d557c02402710c2396529540b81dd554fc1ba270eb7308484",
                "sha256:94c164a9e2498e68308e6e148646e486d979f7fcdb8b4cf34b5441894bdb9caf",
                "sha256:9e3154691b9f7ed73778d746da2df67a19d046a6c8087c8b385bc4cdb2cfca74",
                "sha256:9eee2989868e274aae26125345584254d97c56194c072ed96cb433f32f692ed8",
                "sha256:a01cc03bcdc777c9da3cfdcc74b5a75caffb48a6c39c8450a9a05f82c4250a14",
                "sha256:a7d46c3e0aea5c064e734c3eac5cf9eb1f8c4ceee756262f2c7327c4c2691c86",
                "sha256:ad36af9626d27a4326c8e884917b7ec321d8a1841cd6dacc67d2a9e90c2f0359",
                "sha256:b5923f48cb840380f9854339176ef21763118a7300a88203ccd0bdd26e58527b",
                "sha256:bbc0471b5f22c11c389075d091d3885693fd3f5e9a54ce051b46308bc787e5d4",
                "sha256:bff2438ea1330e06e53c424893ec0072640dac00f29c6a43a575cbae4c99b2b9",
                "sha256:c40003d880f39c11c1edbae8144e3813904b10514cd3d3d00c277ae996488cdb",
                "sha256:d91db2c41dd6c20646af280355d41dfa1ec7eead235642178bd57635a3f82209",
                "sha256:f0a50da861a7ec4573b7c716b2ebdcdf142b66b756a0d392c236ae568b3a93fb"
            ],
            "markers": "python_version >= '3.10'",
            "version": "==1.14.0"
        },
        "setuptools": {
            "hashes": [
                "sha256:b8b8060bb426838fbe942479c90296ce976249451118ef566a5a0b7d8b78fb05",
                "sha256:bd63e505105011b25c3c11f753f7e3b8465ea739efddaccef8f0efac2137bac1"
            ],
            "markers": "python_version >= '3.8'",
            "version": "==70.2.0"
        },
        "six": {
            "hashes": [
                "sha256:1e61c37477a1626458e36f7b1d82aa5c9b094fa4802892072e49de9c60c4c926",
                "sha256:8abb2f1d86890a2dfb989f9a77cfcfd3e47c2a354b01111771326f8aa26e0254"
            ],
            "markers": "python_version >= '2.7' and python_version not in '3.0, 3.1, 3.2, 3.3'",
            "version": "==1.16.0"
        },
        "tabulate": {
            "hashes": [
                "sha256:0095b12bf5966de529c0feb1fa08671671b3368eec77d7ef7ab114be2c068b3c",
                "sha256:024ca478df22e9340661486f85298cff5f6dcdba14f3813e8830015b9ed1948f"
            ],
            "index": "pypi",
            "markers": "python_version >= '3.7'",
            "version": "==0.9.0"
        },
        "thefuzz": {
            "hashes": [
                "sha256:59729b33556850b90e1093c4cf9e618af6f2e4c985df193fdf3c5b5cf02ca481",
                "sha256:7138039a7ecf540da323792d8592ef9902b1d79eb78c147d4f20664de79f3680"
            ],
            "index": "pypi",
            "markers": "python_version >= '3.8'",
            "version": "==0.22.1"
        },
        "threadpoolctl": {
            "hashes": [
                "sha256:082433502dd922bf738de0d8bcc4fdcbf0979ff44c42bd40f5af8a282f6fa107",
                "sha256:56c1e26c150397e58c4926da8eeee87533b1e32bef131bd4bf6a2f45f3185467"
            ],
            "markers": "python_version >= '3.8'",
            "version": "==3.5.0"
        },
        "tzdata": {
            "hashes": [
                "sha256:2674120f8d891909751c38abcdfd386ac0a5a1127954fbc332af6b5ceae07efd",
                "sha256:9068bc196136463f5245e51efda838afa15aaeca9903f49050dfa2679db4d252"
            ],
            "markers": "python_version >= '2'",
            "version": "==2024.1"
        },
        "urllib3": {
            "hashes": [
                "sha256:a448b2f64d686155468037e1ace9f2d2199776e17f0a46610480d311f73e3472",
                "sha256:dd505485549a7a552833da5e6063639d0d177c04f23bc3864e41e5dc5f612168"
            ],
            "markers": "python_version >= '3.8'",
            "version": "==2.2.2"
        }
    },
    "develop": {}
}
